// !$*UTF8*$!
{
	archiveVersion = 1;
	classes = {
	};
	objectVersion = 77;
	objects = {

/* Begin PBXContainerItemProxy section */
		6396B8832E2A395D00AE5BFB /* PBXContainerItemProxy */ = {
			isa = PBXContainerItemProxy;
			containerPortal = 6396B86D2E2A395B00AE5BFB /* Project object */;
			proxyType = 1;
			remoteGlobalIDString = 6396B8742E2A395B00AE5BFB;
			remoteInfo = ExploreGame;
		};
		6396B88D2E2A395D00AE5BFB /* PBXContainerItemProxy */ = {
			isa = PBXContainerItemProxy;
			containerPortal = 6396B86D2E2A395B00AE5BFB /* Project object */;
			proxyType = 1;
			remoteGlobalIDString = 6396B8742E2A395B00AE5BFB;
			remoteInfo = ExploreGame;
		};
/* End PBXContainerItemProxy section */

/* Begin PBXFileReference section */
		6396B8752E2A395B00AE5BFB /* ExploreGame.app */ = {isa = PBXFileReference; explicitFileType = wrapper.application; includeInIndex = 0; path = ExploreGame.app; sourceTree = BUILT_PRODUCTS_DIR; };
		6396B8822E2A395D00AE5BFB /* ExploreGameTests.xctest */ = {isa = PBXFileReference; explicitFileType = wrapper.cfbundle; includeInIndex = 0; path = ExploreGameTests.xctest; sourceTree = BUILT_PRODUCTS_DIR; };
		6396B88C2E2A395D00AE5BFB /* ExploreGameUITests.xctest */ = {isa = PBXFileReference; explicitFileType = wrapper.cfbundle; includeInIndex = 0; path = ExploreGameUITests.xctest; sourceTree = BUILT_PRODUCTS_DIR; };
/* End PBXFileReference section */

/* Begin PBXFileSystemSynchronizedRootGroup section */
		6396B8772E2A395B00AE5BFB /* ExploreGame */ = {
			isa = PBXFileSystemSynchronizedRootGroup;
			path = ExploreGame;
			sourceTree = "<group>";
		};
		6396B8852E2A395D00AE5BFB /* ExploreGameTests */ = {
			isa = PBXFileSystemSynchronizedRootGroup;
			path = ExploreGameTests;
			sourceTree = "<group>";
		};
		6396B88F2E2A395D00AE5BFB /* ExploreGameUITests */ = {
			isa = PBXFileSystemSynchronizedRootGroup;
			path = ExploreGameUITests;
			sourceTree = "<group>";
		};
/* End PBXFileSystemSynchronizedRootGroup section */

/* Begin PBXFrameworksBuildPhase section */
		6396B8722E2A395B00AE5BFB /* Frameworks */ = {
			isa = PBXFrameworksBuildPhase;
			buildActionMask = 2147483647;
			files = (
			);
			runOnlyForDeploymentPostprocessing = 0;
		};
		6396B87F2E2A395D00AE5BFB /* Frameworks */ = {
			isa = PBXFrameworksBuildPhase;
			buildActionMask = 2147483647;
			files = (
			);
			runOnlyForDeploymentPostprocessing = 0;
		};
		6396B8892E2A395D00AE5BFB /* Frameworks */ = {
			isa = PBXFrameworksBuildPhase;
			buildActionMask = 2147483647;
			files = (
			);
			runOnlyForDeploymentPostprocessing = 0;
		};
/* End PBXFrameworksBuildPhase section */

/* Begin PBXGroup section */
		6396B86C2E2A395B00AE5BFB = {
			isa = PBXGroup;
			children = (
				6396B8772E2A395B00AE5BFB /* ExploreGame */,
				6396B8852E2A395D00AE5BFB /* ExploreGameTests */,
				6396B88F2E2A395D00AE5BFB /* ExploreGameUITests */,
				6396B8762E2A395B00AE5BFB /* Products */,
			);
			sourceTree = "<group>";
		};
		6396B8762E2A395B00AE5BFB /* Products */ = {
			isa = PBXGroup;
			children = (
				6396B8752E2A395B00AE5BFB /* ExploreGame.app */,
				6396B8822E2A395D00AE5BFB /* ExploreGameTests.xctest */,
				6396B88C2E2A395D00AE5BFB /* ExploreGameUITests.xctest */,
			);
			name = Products;
			sourceTree = "<group>";
		};
/* End PBXGroup section */

/* Begin PBXNativeTarget section */
		6396B8742E2A395B00AE5BFB /* ExploreGame */ = {
			isa = PBXNativeTarget;
			buildConfigurationList = 6396B8962E2A395D00AE5BFB /* Build configuration list for PBXNativeTarget "ExploreGame" */;
			buildPhases = (
				6396B8712E2A395B00AE5BFB /* Sources */,
				6396B8722E2A395B00AE5BFB /* Frameworks */,
				6396B8732E2A395B00AE5BFB /* Resources */,
			);
			buildRules = (
			);
			dependencies = (
			);
			fileSystemSynchronizedGroups = (
				6396B8772E2A395B00AE5BFB /* ExploreGame */,
			);
			name = ExploreGame;
			packageProductDependencies = (
			);
			productName = ExploreGame;
			productReference = 6396B8752E2A395B00AE5BFB /* ExploreGame.app */;
			productType = "com.apple.product-type.application";
		};
		6396B8812E2A395D00AE5BFB /* ExploreGameTests */ = {
			isa = PBXNativeTarget;
			buildConfigurationList = 6396B8992E2A395D00AE5BFB /* Build configuration list for PBXNativeTarget "ExploreGameTests" */;
			buildPhases = (
				6396B87E2E2A395D00AE5BFB /* Sources */,
				6396B87F2E2A395D00AE5BFB /* Frameworks */,
				6396B8802E2A395D00AE5BFB /* Resources */,
			);
			buildRules = (
			);
			dependencies = (
				6396B8842E2A395D00AE5BFB /* PBXTargetDependency */,
			);
			fileSystemSynchronizedGroups = (
				6396B8852E2A395D00AE5BFB /* ExploreGameTests */,
			);
			name = ExploreGameTests;
			packageProductDependencies = (
			);
			productName = ExploreGameTests;
			productReference = 6396B8822E2A395D00AE5BFB /* ExploreGameTests.xctest */;
			productType = "com.apple.product-type.bundle.unit-test";
		};
		6396B88B2E2A395D00AE5BFB /* ExploreGameUITests */ = {
			isa = PBXNativeTarget;
			buildConfigurationList = 6396B89C2E2A395D00AE5BFB /* Build configuration list for PBXNativeTarget "ExploreGameUITests" */;
			buildPhases = (
				6396B8882E2A395D00AE5BFB /* Sources */,
				6396B8892E2A395D00AE5BFB /* Frameworks */,
				6396B88A2E2A395D00AE5BFB /* Resources */,
			);
			buildRules = (
			);
			dependencies = (
				6396B88E2E2A395D00AE5BFB /* PBXTargetDependency */,
			);
			fileSystemSynchronizedGroups = (
				6396B88F2E2A395D00AE5BFB /* ExploreGameUITests */,
			);
			name = ExploreGameUITests;
			packageProductDependencies = (
			);
			productName = ExploreGameUITests;
			productReference = 6396B88C2E2A395D00AE5BFB /* ExploreGameUITests.xctest */;
			productType = "com.apple.product-type.bundle.ui-testing";
		};
/* End PBXNativeTarget section */

/* Begin PBXProject section */
		6396B86D2E2A395B00AE5BFB /* Project object */ = {
			isa = PBXProject;
			attributes = {
				BuildIndependentTargetsInParallel = 1;
				LastSwiftUpdateCheck = 1640;
				LastUpgradeCheck = 1640;
				TargetAttributes = {
					6396B8742E2A395B00AE5BFB = {
						CreatedOnToolsVersion = 16.4;
					};
					6396B8812E2A395D00AE5BFB = {
						CreatedOnToolsVersion = 16.4;
						TestTargetID = 6396B8742E2A395B00AE5BFB;
					};
					6396B88B2E2A395D00AE5BFB = {
						CreatedOnToolsVersion = 16.4;
						TestTargetID = 6396B8742E2A395B00AE5BFB;
					};
				};
			};
			buildConfigurationList = 6396B8702E2A395B00AE5BFB /* Build configuration list for PBXProject "ExploreGame" */;
			developmentRegion = en;
			hasScannedForEncodings = 0;
			knownRegions = (
				en,
				Base,
			);
			mainGroup = 6396B86C2E2A395B00AE5BFB;
			minimizedProjectReferenceProxies = 1;
			preferredProjectObjectVersion = 77;
			productRefGroup = 6396B8762E2A395B00AE5BFB /* Products */;
			projectDirPath = "";
			projectRoot = "";
			targets = (
				6396B8742E2A395B00AE5BFB /* ExploreGame */,
				6396B8812E2A395D00AE5BFB /* ExploreGameTests */,
				6396B88B2E2A395D00AE5BFB /* ExploreGameUITests */,
			);
		};
/* End PBXProject section */

/* Begin PBXResourcesBuildPhase section */
		6396B8732E2A395B00AE5BFB /* Resources */ = {
			isa = PBXResourcesBuildPhase;
			buildActionMask = 2147483647;
			files = (
			);
			runOnlyForDeploymentPostprocessing = 0;
		};
		6396B8802E2A395D00AE5BFB /* Resources */ = {
			isa = PBXResourcesBuildPhase;
			buildActionMask = 2147483647;
			files = (
			);
			runOnlyForDeploymentPostprocessing = 0;
		};
		6396B88A2E2A395D00AE5BFB /* Resources */ = {
			isa = PBXResourcesBuildPhase;
			buildActionMask = 2147483647;
			files = (
			);
			runOnlyForDeploymentPostprocessing = 0;
		};
/* End PBXResourcesBuildPhase section */

/* Begin PBXSourcesBuildPhase section */
		6396B8712E2A395B00AE5BFB /* Sources */ = {
			isa = PBXSourcesBuildPhase;
			buildActionMask = 2147483647;
			files = (
			);
			runOnlyForDeploymentPostprocessing = 0;
		};
		6396B87E2E2A395D00AE5BFB /* Sources */ = {
			isa = PBXSourcesBuildPhase;
			buildActionMask = 2147483647;
			files = (
			);
			runOnlyForDeploymentPostprocessing = 0;
		};
		6396B8882E2A395D00AE5BFB /* Sources */ = {
			isa = PBXSourcesBuildPhase;
			buildActionMask = 2147483647;
			files = (
			);
			runOnlyForDeploymentPostprocessing = 0;
		};
/* End PBXSourcesBuildPhase section */

/* Begin PBXTargetDependency section */
		6396B8842E2A395D00AE5BFB /* PBXTargetDependency */ = {
			isa = PBXTargetDependency;
			target = 6396B8742E2A395B00AE5BFB /* ExploreGame */;
			targetProxy = 6396B8832E2A395D00AE5BFB /* PBXContainerItemProxy */;
		};
		6396B88E2E2A395D00AE5BFB /* PBXTargetDependency */ = {
			isa = PBXTargetDependency;
			target = 6396B8742E2A395B00AE5BFB /* ExploreGame */;
			targetProxy = 6396B88D2E2A395D00AE5BFB /* PBXContainerItemProxy */;
		};
/* End PBXTargetDependency section */

/* Begin XCBuildConfiguration section */
		6396B8942E2A395D00AE5BFB /* Debug */ = {
			isa = XCBuildConfiguration;
			buildSettings = {
				ALWAYS_SEARCH_USER_PATHS = NO;
				ASSETCATALOG_COMPILER_GENERATE_SWIFT_ASSET_SYMBOL_EXTENSIONS = YES;
				CLANG_ANALYZER_NONNULL = YES;
				CLANG_ANALYZER_NUMBER_OBJECT_CONVERSION = YES_AGGRESSIVE;
				CLANG_CXX_LANGUAGE_STANDARD = "gnu++20";
				CLANG_ENABLE_MODULES = YES;
				CLANG_ENABLE_OBJC_ARC = YES;
				CLANG_ENABLE_OBJC_WEAK = YES;
				CLANG_WARN_BLOCK_CAPTURE_AUTORELEASING = YES;
				CLANG_WARN_BOOL_CONVERSION = YES;
				CLANG_WARN_COMMA = YES;
				CLANG_WARN_CONSTANT_CONVERSION = YES;
				CLANG_WARN_DEPRECATED_OBJC_IMPLEMENTATIONS = YES;
				CLANG_WARN_DIRECT_OBJC_ISA_USAGE = YES_ERROR;
				CLANG_WARN_DOCUMENTATION_COMMENTS = YES;
				CLANG_WARN_EMPTY_BODY = YES;
				CLANG_WARN_ENUM_CONVERSION = YES;
				CLANG_WARN_INFINITE_RECURSION = YES;
				CLANG_WARN_INT_CONVERSION = YES;
				CLANG_WARN_NON_LITERAL_NULL_CONVERSION = YES;
				CLANG_WARN_OBJC_IMPLICIT_RETAIN_SELF = YES;
				CLANG_WARN_OBJC_LITERAL_CONVERSION = YES;
				CLANG_WARN_OBJC_ROOT_CLASS = YES_ERROR;
				CLANG_WARN_QUOTED_INCLUDE_IN_FRAMEWORK_HEADER = YES;
				CLANG_WARN_RANGE_LOOP_ANALYSIS = YES;
				CLANG_WARN_STRICT_PROTOTYPES = YES;
				CLANG_WARN_SUSPICIOUS_MOVE = YES;
				CLANG_WARN_UNGUARDED_AVAILABILITY = YES_AGGRESSIVE;
				CLANG_WARN_UNREACHABLE_CODE = YES;
				CLANG_WARN__DUPLICATE_METHOD_MATCH = YES;
				COPY_PHASE_STRIP = NO;
				DEBUG_INFORMATION_FORMAT = dwarf;
				DEVELOPMENT_TEAM = 68R77L7WB2;
				ENABLE_STRICT_OBJC_MSGSEND = YES;
				ENABLE_TESTABILITY = YES;
				ENABLE_USER_SCRIPT_SANDBOXING = YES;
				GCC_C_LANGUAGE_STANDARD = gnu17;
				GCC_DYNAMIC_NO_PIC = NO;
				GCC_NO_COMMON_BLOCKS = YES;
				GCC_OPTIMIZATION_LEVEL = 0;
				GCC_PREPROCESSOR_DEFINITIONS = (
					"DEBUG=1",
					"$(inherited)",
				);
				GCC_WARN_64_TO_32_BIT_CONVERSION = YES;
				GCC_WARN_ABOUT_RETURN_TYPE = YES_ERROR;
				GCC_WARN_UNDECLARED_SELECTOR = YES;
				GCC_WARN_UNINITIALIZED_AUTOS = YES_AGGRESSIVE;
				GCC_WARN_UNUSED_FUNCTION = YES;
				GCC_WARN_UNUSED_VARIABLE = YES;
				IPHONEOS_DEPLOYMENT_TARGET = 18.5;
				LOCALIZATION_PREFERS_STRING_CATALOGS = YES;
				MTL_ENABLE_DEBUG_INFO = INCLUDE_SOURCE;
				MTL_FAST_MATH = YES;
				ONLY_ACTIVE_ARCH = YES;
				SDKROOT = iphoneos;
				SWIFT_ACTIVE_COMPILATION_CONDITIONS = "DEBUG $(inherited)";
				SWIFT_OPTIMIZATION_LEVEL = "-Onone";
			};
			name = Debug;
		};
		6396B8952E2A395D00AE5BFB /* Release */ = {
			isa = XCBuildConfiguration;
			buildSettings = {
				ALWAYS_SEARCH_USER_PATHS = NO;
				ASSETCATALOG_COMPILER_GENERATE_SWIFT_ASSET_SYMBOL_EXTENSIONS = YES;
				CLANG_ANALYZER_NONNULL = YES;
				CLANG_ANALYZER_NUMBER_OBJECT_CONVERSION = YES_AGGRESSIVE;
				CLANG_CXX_LANGUAGE_STANDARD = "gnu++20";
				CLANG_ENABLE_MODULES = YES;
				CLANG_ENABLE_OBJC_ARC = YES;
				CLANG_ENABLE_OBJC_WEAK = YES;
				CLANG_WARN_BLOCK_CAPTURE_AUTORELEASING = YES;
				CLANG_WARN_BOOL_CONVERSION = YES;
				CLANG_WARN_COMMA = YES;
				CLANG_WARN_CONSTANT_CONVERSION = YES;
				CLANG_WARN_DEPRECATED_OBJC_IMPLEMENTATIONS = YES;
				CLANG_WARN_DIRECT_OBJC_ISA_USAGE = YES_ERROR;
				CLANG_WARN_DOCUMENTATION_COMMENTS = YES;
				CLANG_WARN_EMPTY_BODY = YES;
				CLANG_WARN_ENUM_CONVERSION = YES;
				CLANG_WARN_INFINITE_RECURSION = YES;
				CLANG_WARN_INT_CONVERSION = YES;
				CLANG_WARN_NON_LITERAL_NULL_CONVERSION = YES;
				CLANG_WARN_OBJC_IMPLICIT_RETAIN_SELF = YES;
				CLANG_WARN_OBJC_LITERAL_CONVERSION = YES;
				CLANG_WARN_OBJC_ROOT_CLASS = YES_ERROR;
				CLANG_WARN_QUOTED_INCLUDE_IN_FRAMEWORK_HEADER = YES;
				CLANG_WARN_RANGE_LOOP_ANALYSIS = YES;
				CLANG_WARN_STRICT_PROTOTYPES = YES;
				CLANG_WARN_SUSPICIOUS_MOVE = YES;
				CLANG_WARN_UNGUARDED_AVAILABILITY = YES_AGGRESSIVE;
				CLANG_WARN_UNREACHABLE_CODE = YES;
				CLANG_WARN__DUPLICATE_METHOD_MATCH = YES;
				COPY_PHASE_STRIP = NO;
				DEBUG_INFORMATION_FORMAT = "dwarf-with-dsym";
				DEVELOPMENT_TEAM = 68R77L7WB2;
				ENABLE_NS_ASSERTIONS = NO;
				ENABLE_STRICT_OBJC_MSGSEND = YES;
				ENABLE_USER_SCRIPT_SANDBOXING = YES;
				GCC_C_LANGUAGE_STANDARD = gnu17;
				GCC_NO_COMMON_BLOCKS = YES;
				GCC_WARN_64_TO_32_BIT_CONVERSION = YES;
				GCC_WARN_ABOUT_RETURN_TYPE = YES_ERROR;
				GCC_WARN_UNDECLARED_SELECTOR = YES;
				GCC_WARN_UNINITIALIZED_AUTOS = YES_AGGRESSIVE;
				GCC_WARN_UNUSED_FUNCTION = YES;
				GCC_WARN_UNUSED_VARIABLE = YES;
				IPHONEOS_DEPLOYMENT_TARGET = 18.5;
				LOCALIZATION_PREFERS_STRING_CATALOGS = YES;
				MTL_ENABLE_DEBUG_INFO = NO;
				MTL_FAST_MATH = YES;
				SDKROOT = iphoneos;
				SWIFT_COMPILATION_MODE = wholemodule;
				VALIDATE_PRODUCT = YES;
			};
			name = Release;
		};
		6396B8972E2A395D00AE5BFB /* Debug */ = {
			isa = XCBuildConfiguration;
			buildSettings = {
				ASSETCATALOG_COMPILER_APPICON_NAME = AppIcon;
				ASSETCATALOG_COMPILER_GLOBAL_ACCENT_COLOR_NAME = AccentColor;
				CODE_SIGN_STYLE = Automatic;
				CURRENT_PROJECT_VERSION = 1;
				DEVELOPMENT_TEAM = 68R77L7WB2;
				ENABLE_PREVIEWS = YES;
				GENERATE_INFOPLIST_FILE = YES;
				INFOPLIST_KEY_UIApplicationSceneManifest_Generation = YES;
				INFOPLIST_KEY_UIApplicationSupportsIndirectInputEvents = YES;
				INFOPLIST_KEY_UILaunchScreen_Generation = YES;
				INFOPLIST_KEY_UISupportedInterfaceOrientations_iPad = "UIInterfaceOrientationPortrait UIInterfaceOrientationPortraitUpsideDown UIInterfaceOrientationLandscapeLeft UIInterfaceOrientationLandscapeRight";
				INFOPLIST_KEY_UISupportedInterfaceOrientations_iPhone = "UIInterfaceOrientationPortrait UIInterfaceOrientationLandscapeLeft UIInterfaceOrientationLandscapeRight";
				LD_RUNPATH_SEARCH_PATHS = (
					"$(inherited)",
					"@executable_path/Frameworks",
				);
				MARKETING_VERSION = 1.0;
				PRODUCT_BUNDLE_IDENTIFIER = com.muhAzri.ExploreGame;
				PRODUCT_NAME = "$(TARGET_NAME)";
				SWIFT_EMIT_LOC_STRINGS = YES;
				SWIFT_VERSION = 5.0;
				TARGETED_DEVICE_FAMILY = "1,2";
			};
			name = Debug;
		};
		6396B8982E2A395D00AE5BFB /* Release */ = {
			isa = XCBuildConfiguration;
			buildSettings = {
				ASSETCATALOG_COMPILER_APPICON_NAME = AppIcon;
				ASSETCATALOG_COMPILER_GLOBAL_ACCENT_COLOR_NAME = AccentColor;
				CODE_SIGN_STYLE = Automatic;
				CURRENT_PROJECT_VERSION = 1;
				DEVELOPMENT_TEAM = 68R77L7WB2;
				ENABLE_PREVIEWS = YES;
				GENERATE_INFOPLIST_FILE = YES;
				INFOPLIST_KEY_UIApplicationSceneManifest_Generation = YES;
				INFOPLIST_KEY_UIApplicationSupportsIndirectInputEvents = YES;
				INFOPLIST_KEY_UILaunchScreen_Generation = YES;
				INFOPLIST_KEY_UISupportedInterfaceOrientations_iPad = "UIInterfaceOrientationPortrait UIInterfaceOrientationPortraitUpsideDown UIInterfaceOrientationLandscapeLeft UIInterfaceOrientationLandscapeRight";
				INFOPLIST_KEY_UISupportedInterfaceOrientations_iPhone = "UIInterfaceOrientationPortrait UIInterfaceOrientationLandscapeLeft UIInterfaceOrientationLandscapeRight";
				LD_RUNPATH_SEARCH_PATHS = (
					"$(inherited)",
					"@executable_path/Frameworks",
				);
				MARKETING_VERSION = 1.0;
				PRODUCT_BUNDLE_IDENTIFIER = com.muhAzri.ExploreGame;
				PRODUCT_NAME = "$(TARGET_NAME)";
				SWIFT_EMIT_LOC_STRINGS = YES;
				SWIFT_VERSION = 5.0;
				TARGETED_DEVICE_FAMILY = "1,2";
			};
			name = Release;
		};
		6396B89A2E2A395D00AE5BFB /* Debug */ = {
			isa = XCBuildConfiguration;
			buildSettings = {
				BUNDLE_LOADER = "$(TEST_HOST)";
				CODE_SIGN_STYLE = Automatic;
				CURRENT_PROJECT_VERSION = 1;
				DEVELOPMENT_TEAM = 68R77L7WB2;
				GENERATE_INFOPLIST_FILE = YES;
				IPHONEOS_DEPLOYMENT_TARGET = 18.5;
				MARKETING_VERSION = 1.0;
				PRODUCT_BUNDLE_IDENTIFIER = com.muhAzri.ExploreGameTests;
				PRODUCT_NAME = "$(TARGET_NAME)";
				SWIFT_EMIT_LOC_STRINGS = NO;
				SWIFT_VERSION = 5.0;
				TARGETED_DEVICE_FAMILY = "1,2";
				TEST_HOST = "$(BUILT_PRODUCTS_DIR)/ExploreGame.app/$(BUNDLE_EXECUTABLE_FOLDER_PATH)/ExploreGame";
			};
			name = Debug;
		};
		6396B89B2E2A395D00AE5BFB /* Release */ = {
			isa = XCBuildConfiguration;
			buildSettings = {
				BUNDLE_LOADER = "$(TEST_HOST)";
				CODE_SIGN_STYLE = Automatic;
				CURRENT_PROJECT_VERSION = 1;
				DEVELOPMENT_TEAM = 68R77L7WB2;
				GENERATE_INFOPLIST_FILE = YES;
				IPHONEOS_DEPLOYMENT_TARGET = 18.5;
				MARKETING_VERSION = 1.0;
				PRODUCT_BUNDLE_IDENTIFIER = com.muhAzri.ExploreGameTests;
				PRODUCT_NAME = "$(TARGET_NAME)";
				SWIFT_EMIT_LOC_STRINGS = NO;
				SWIFT_VERSION = 5.0;
				TARGETED_DEVICE_FAMILY = "1,2";
				TEST_HOST = "$(BUILT_PRODUCTS_DIR)/ExploreGame.app/$(BUNDLE_EXECUTABLE_FOLDER_PATH)/ExploreGame";
			};
			name = Release;
		};
		6396B89D2E2A395D00AE5BFB /* Debug */ = {
			isa = XCBuildConfiguration;
			buildSettings = {
				CODE_SIGN_STYLE = Automatic;
				CURRENT_PROJECT_VERSION = 1;
				DEVELOPMENT_TEAM = 68R77L7WB2;
				GENERATE_INFOPLIST_FILE = YES;
				MARKETING_VERSION = 1.0;
				PRODUCT_BUNDLE_IDENTIFIER = com.muhAzri.ExploreGameUITests;
				PRODUCT_NAME = "$(TARGET_NAME)";
				SWIFT_EMIT_LOC_STRINGS = NO;
				SWIFT_VERSION = 5.0;
				TARGETED_DEVICE_FAMILY = "1,2";
				TEST_TARGET_NAME = ExploreGame;
			};
			name = Debug;
		};
		6396B89E2E2A395D00AE5BFB /* Release */ = {
			isa = XCBuildConfiguration;
			buildSettings = {
				CODE_SIGN_STYLE = Automatic;
				CURRENT_PROJECT_VERSION = 1;
				DEVELOPMENT_TEAM = 68R77L7WB2;
				GENERATE_INFOPLIST_FILE = YES;
				MARKETING_VERSION = 1.0;
				PRODUCT_BUNDLE_IDENTIFIER = com.muhAzri.ExploreGameUITests;
				PRODUCT_NAME = "$(TARGET_NAME)";
				SWIFT_EMIT_LOC_STRINGS = NO;
				SWIFT_VERSION = 5.0;
				TARGETED_DEVICE_FAMILY = "1,2";
				TEST_TARGET_NAME = ExploreGame;
			};
			name = Release;
		};
/* End XCBuildConfiguration section */

/* Begin XCConfigurationList section */
		6396B8702E2A395B00AE5BFB /* Build configuration list for PBXProject "ExploreGame" */ = {
			isa = XCConfigurationList;
			buildConfigurations = (
				6396B8942E2A395D00AE5BFB /* Debug */,
				6396B8952E2A395D00AE5BFB /* Release */,
			);
			defaultConfigurationIsVisible = 0;
			defaultConfigurationName = Release;
		};
		6396B8962E2A395D00AE5BFB /* Build configuration list for PBXNativeTarget "ExploreGame" */ = {
			isa = XCConfigurationList;
			buildConfigurations = (
				6396B8972E2A395D00AE5BFB /* Debug */,
				6396B8982E2A395D00AE5BFB /* Release */,
			);
			defaultConfigurationIsVisible = 0;
			defaultConfigurationName = Release;
		};
		6396B8992E2A395D00AE5BFB /* Build configuration list for PBXNativeTarget "ExploreGameTests" */ = {
			isa = XCConfigurationList;
			buildConfigurations = (
				6396B89A2E2A395D00AE5BFB /* Debug */,
				6396B89B2E2A395D00AE5BFB /* Release */,
			);
			defaultConfigurationIsVisible = 0;
			defaultConfigurationName = Release;
		};
		6396B89C2E2A395D00AE5BFB /* Build configuration list for PBXNativeTarget "ExploreGameUITests" */ = {
			isa = XCConfigurationList;
			buildConfigurations = (
				6396B89D2E2A395D00AE5BFB /* Debug */,
				6396B89E2E2A395D00AE5BFB /* Release */,
			);
			defaultConfigurationIsVisible = 0;
			defaultConfigurationName = Release;
		};
/* End XCConfigurationList section */
	};
	rootObject = 6396B86D2E2A395B00AE5BFB /* Project object */;
}
